// !$*UTF8*$!
{
	archiveVersion = 1;
	classes = {
	};
	objectVersion = 50;
	objects = {

/* Begin PBXBuildFile section */
		5315FF3222D8BCC5008781A0 /* HeroTableViewCell.swift in Sources */ = {isa = PBXBuildFile; fileRef = 5315FF3022D8BCC5008781A0 /* HeroTableViewCell.swift */; };
		5315FF3322D8BCC5008781A0 /* HeroTableViewCell.xib in Resources */ = {isa = PBXBuildFile; fileRef = 5315FF3122D8BCC5008781A0 /* HeroTableViewCell.xib */; };
		6349C45622DD060B006E32CF /* ImageTask.swift in Sources */ = {isa = PBXBuildFile; fileRef = 6349C45522DD060B006E32CF /* ImageTask.swift */; };
		6349C45822DD0630006E32CF /* ImageTaskDownloadedDelegate.swift in Sources */ = {isa = PBXBuildFile; fileRef = 6349C45722DD0630006E32CF /* ImageTaskDownloadedDelegate.swift */; };
		6371180222D78A0D000F3D64 /* APIUtils.swift in Sources */ = {isa = PBXBuildFile; fileRef = 6371180122D78A0D000F3D64 /* APIUtils.swift */; };
		6371180422D792D0000F3D64 /* ApiResponse.swift in Sources */ = {isa = PBXBuildFile; fileRef = 6371180322D792D0000F3D64 /* ApiResponse.swift */; };
		639D07AA22D6698600EB20AA /* AppDelegate.swift in Sources */ = {isa = PBXBuildFile; fileRef = 639D07A922D6698600EB20AA /* AppDelegate.swift */; };
		639D07AC22D6698600EB20AA /* HomeViewController.swift in Sources */ = {isa = PBXBuildFile; fileRef = 639D07AB22D6698600EB20AA /* HomeViewController.swift */; };
		639D07AF22D6698600EB20AA /* Main.storyboard in Resources */ = {isa = PBXBuildFile; fileRef = 639D07AD22D6698600EB20AA /* Main.storyboard */; };
		639D07B122D6698700EB20AA /* Assets.xcassets in Resources */ = {isa = PBXBuildFile; fileRef = 639D07B022D6698700EB20AA /* Assets.xcassets */; };
		639D07B422D6698700EB20AA /* LaunchScreen.storyboard in Resources */ = {isa = PBXBuildFile; fileRef = 639D07B222D6698700EB20AA /* LaunchScreen.storyboard */; };
		639D07BF22D669A000EB20AA /* Hero.swift in Sources */ = {isa = PBXBuildFile; fileRef = 639D07BC22D669A000EB20AA /* Hero.swift */; };
		639D07C022D669A000EB20AA /* ApiService.swift in Sources */ = {isa = PBXBuildFile; fileRef = 639D07BE22D669A000EB20AA /* ApiService.swift */; };
		63EAC92322D670F60077AB22 /* String.swift in Sources */ = {isa = PBXBuildFile; fileRef = 63EAC92222D670F60077AB22 /* String.swift */; };
/* End PBXBuildFile section */

/* Begin PBXFileReference section */
		5315FF3022D8BCC5008781A0 /* HeroTableViewCell.swift */ = {isa = PBXFileReference; lastKnownFileType = sourcecode.swift; path = HeroTableViewCell.swift; sourceTree = "<group>"; };
		5315FF3122D8BCC5008781A0 /* HeroTableViewCell.xib */ = {isa = PBXFileReference; lastKnownFileType = file.xib; path = HeroTableViewCell.xib; sourceTree = "<group>"; };
		6349C45522DD060B006E32CF /* ImageTask.swift */ = {isa = PBXFileReference; lastKnownFileType = sourcecode.swift; path = ImageTask.swift; sourceTree = "<group>"; };
		6349C45722DD0630006E32CF /* ImageTaskDownloadedDelegate.swift */ = {isa = PBXFileReference; lastKnownFileType = sourcecode.swift; path = ImageTaskDownloadedDelegate.swift; sourceTree = "<group>"; };
		6371180122D78A0D000F3D64 /* APIUtils.swift */ = {isa = PBXFileReference; lastKnownFileType = sourcecode.swift; path = APIUtils.swift; sourceTree = "<group>"; };
		6371180322D792D0000F3D64 /* ApiResponse.swift */ = {isa = PBXFileReference; lastKnownFileType = sourcecode.swift; path = ApiResponse.swift; sourceTree = "<group>"; };
		639D07A622D6698600EB20AA /* MarvelHeroes.app */ = {isa = PBXFileReference; explicitFileType = wrapper.application; includeInIndex = 0; path = MarvelHeroes.app; sourceTree = BUILT_PRODUCTS_DIR; };
		639D07A922D6698600EB20AA /* AppDelegate.swift */ = {isa = PBXFileReference; lastKnownFileType = sourcecode.swift; path = AppDelegate.swift; sourceTree = "<group>"; };
		639D07AB22D6698600EB20AA /* HomeViewController.swift */ = {isa = PBXFileReference; lastKnownFileType = sourcecode.swift; path = HomeViewController.swift; sourceTree = "<group>"; };
		639D07AE22D6698600EB20AA /* Base */ = {isa = PBXFileReference; lastKnownFileType = file.storyboard; name = Base; path = Base.lproj/Main.storyboard; sourceTree = "<group>"; };
		639D07B022D6698700EB20AA /* Assets.xcassets */ = {isa = PBXFileReference; lastKnownFileType = folder.assetcatalog; path = Assets.xcassets; sourceTree = "<group>"; };
		639D07B322D6698700EB20AA /* Base */ = {isa = PBXFileReference; lastKnownFileType = file.storyboard; name = Base; path = Base.lproj/LaunchScreen.storyboard; sourceTree = "<group>"; };
		639D07B522D6698700EB20AA /* Info.plist */ = {isa = PBXFileReference; lastKnownFileType = text.plist.xml; path = Info.plist; sourceTree = "<group>"; };
		639D07BC22D669A000EB20AA /* Hero.swift */ = {isa = PBXFileReference; fileEncoding = 4; lastKnownFileType = sourcecode.swift; path = Hero.swift; sourceTree = "<group>"; };
		639D07BE22D669A000EB20AA /* ApiService.swift */ = {isa = PBXFileReference; fileEncoding = 4; lastKnownFileType = sourcecode.swift; path = ApiService.swift; sourceTree = "<group>"; };
		63EAC92222D670F60077AB22 /* String.swift */ = {isa = PBXFileReference; lastKnownFileType = sourcecode.swift; path = String.swift; sourceTree = "<group>"; };
/* End PBXFileReference section */

/* Begin PBXFrameworksBuildPhase section */
		639D07A322D6698600EB20AA /* Frameworks */ = {
			isa = PBXFrameworksBuildPhase;
			buildActionMask = 2147483647;
			files = (
			);
			runOnlyForDeploymentPostprocessing = 0;
		};
/* End PBXFrameworksBuildPhase section */

/* Begin PBXGroup section */
		5315FF2E22D8BC8A008781A0 /* Controller */ = {
			isa = PBXGroup;
			children = (
				639D07AB22D6698600EB20AA /* HomeViewController.swift */,
			);
			path = Controller;
			sourceTree = "<group>";
		};
		5315FF2F22D8BC94008781A0 /* View */ = {
			isa = PBXGroup;
			children = (
				5315FF3022D8BCC5008781A0 /* HeroTableViewCell.swift */,
				5315FF3122D8BCC5008781A0 /* HeroTableViewCell.xib */,
			);
			path = View;
			sourceTree = "<group>";
		};
		639D079D22D6698600EB20AA = {
			isa = PBXGroup;
			children = (
				639D07A822D6698600EB20AA /* MarvelHeroes */,
				639D07A722D6698600EB20AA /* Products */,
			);
			sourceTree = "<group>";
		};
		639D07A722D6698600EB20AA /* Products */ = {
			isa = PBXGroup;
			children = (
				639D07A622D6698600EB20AA /* MarvelHeroes.app */,
			);
			name = Products;
			sourceTree = "<group>";
		};
		639D07A822D6698600EB20AA /* MarvelHeroes */ = {
			isa = PBXGroup;
			children = (
				639D07BB22D669A000EB20AA /* Model */,
				5315FF2F22D8BC94008781A0 /* View */,
				5315FF2E22D8BC8A008781A0 /* Controller */,
				639D07C322D670CB00EB20AA /* Extensions */,
				639D07BD22D669A000EB20AA /* Service */,
				639D07A922D6698600EB20AA /* AppDelegate.swift */,
				639D07AD22D6698600EB20AA /* Main.storyboard */,
				639D07B022D6698700EB20AA /* Assets.xcassets */,
				639D07B222D6698700EB20AA /* LaunchScreen.storyboard */,
				639D07B522D6698700EB20AA /* Info.plist */,
			);
			path = MarvelHeroes;
			sourceTree = "<group>";
		};
		639D07BB22D669A000EB20AA /* Model */ = {
			isa = PBXGroup;
			children = (
				639D07BC22D669A000EB20AA /* Hero.swift */,
				6371180322D792D0000F3D64 /* ApiResponse.swift */,
			);
			path = Model;
			sourceTree = "<group>";
		};
		639D07BD22D669A000EB20AA /* Service */ = {
			isa = PBXGroup;
			children = (
				639D07BE22D669A000EB20AA /* ApiService.swift */,
			);
			path = Service;
			sourceTree = "<group>";
		};
		639D07C322D670CB00EB20AA /* Extensions */ = {
			isa = PBXGroup;
			children = (
				63EAC92222D670F60077AB22 /* String.swift */,
				6371180122D78A0D000F3D64 /* APIUtils.swift */,
				6349C45522DD060B006E32CF /* ImageTask.swift */,
				6349C45722DD0630006E32CF /* ImageTaskDownloadedDelegate.swift */,
			);
			path = Extensions;
			sourceTree = "<group>";
		};
/* End PBXGroup section */

/* Begin PBXNativeTarget section */
		639D07A522D6698600EB20AA /* MarvelHeroes */ = {
			isa = PBXNativeTarget;
			buildConfigurationList = 639D07B822D6698700EB20AA /* Build configuration list for PBXNativeTarget "MarvelHeroes" */;
			buildPhases = (
				639D07A222D6698600EB20AA /* Sources */,
				639D07A322D6698600EB20AA /* Frameworks */,
				639D07A422D6698600EB20AA /* Resources */,
			);
			buildRules = (
			);
			dependencies = (
			);
			name = MarvelHeroes;
			productName = MarvelHeroes;
			productReference = 639D07A622D6698600EB20AA /* MarvelHeroes.app */;
			productType = "com.apple.product-type.application";
		};
/* End PBXNativeTarget section */

/* Begin PBXProject section */
		639D079E22D6698600EB20AA /* Project object */ = {
			isa = PBXProject;
			attributes = {
				LastSwiftUpdateCheck = 1020;
				LastUpgradeCheck = 1020;
				ORGANIZATIONNAME = RafaelAlmeida;
				TargetAttributes = {
					639D07A522D6698600EB20AA = {
						CreatedOnToolsVersion = 10.2.1;
					};
				};
			};
			buildConfigurationList = 639D07A122D6698600EB20AA /* Build configuration list for PBXProject "MarvelHeroes" */;
			compatibilityVersion = "Xcode 9.3";
			developmentRegion = en;
			hasScannedForEncodings = 0;
			knownRegions = (
				en,
				Base,
			);
			mainGroup = 639D079D22D6698600EB20AA;
			productRefGroup = 639D07A722D6698600EB20AA /* Products */;
			projectDirPath = "";
			projectRoot = "";
			targets = (
				639D07A522D6698600EB20AA /* MarvelHeroes */,
			);
		};
/* End PBXProject section */

/* Begin PBXResourcesBuildPhase section */
		639D07A422D6698600EB20AA /* Resources */ = {
			isa = PBXResourcesBuildPhase;
			buildActionMask = 2147483647;
			files = (
				639D07B422D6698700EB20AA /* LaunchScreen.storyboard in Resources */,
				639D07B122D6698700EB20AA /* Assets.xcassets in Resources */,
				639D07AF22D6698600EB20AA /* Main.storyboard in Resources */,
				5315FF3322D8BCC5008781A0 /* HeroTableViewCell.xib in Resources */,
			);
			runOnlyForDeploymentPostprocessing = 0;
		};
/* End PBXResourcesBuildPhase section */

/* Begin PBXSourcesBuildPhase section */
		639D07A222D6698600EB20AA /* Sources */ = {
			isa = PBXSourcesBuildPhase;
			buildActionMask = 2147483647;
			files = (
				6371180222D78A0D000F3D64 /* APIUtils.swift in Sources */,
				639D07AC22D6698600EB20AA /* HomeViewController.swift in Sources */,
				639D07AA22D6698600EB20AA /* AppDelegate.swift in Sources */,
				5315FF3222D8BCC5008781A0 /* HeroTableViewCell.swift in Sources */,
				6349C45622DD060B006E32CF /* ImageTask.swift in Sources */,
				6371180422D792D0000F3D64 /* ApiResponse.swift in Sources */,
				63EAC92322D670F60077AB22 /* String.swift in Sources */,
				6349C45822DD0630006E32CF /* ImageTaskDownloadedDelegate.swift in Sources */,
				639D07C022D669A000EB20AA /* ApiService.swift in Sources */,
				639D07BF22D669A000EB20AA /* Hero.swift in Sources */,
			);
			runOnlyForDeploymentPostprocessing = 0;
		};
/* End PBXSourcesBuildPhase section */

/* Begin PBXVariantGroup section */
		639D07AD22D6698600EB20AA /* Main.storyboard */ = {
			isa = PBXVariantGroup;
			children = (
				639D07AE22D6698600EB20AA /* Base */,
			);
			name = Main.storyboard;
			sourceTree = "<group>";
		};
		639D07B222D6698700EB20AA /* LaunchScreen.storyboard */ = {
			isa = PBXVariantGroup;
			children = (
				639D07B322D6698700EB20AA /* Base */,
			);
			name = LaunchScreen.storyboard;
			sourceTree = "<group>";
		};
/* End PBXVariantGroup section */

/* Begin XCBuildConfiguration section */
		639D07B622D6698700EB20AA /* Debug */ = {
			isa = XCBuildConfiguration;
			buildSettings = {
				ALWAYS_SEARCH_USER_PATHS = NO;
				CLANG_ANALYZER_NONNULL = YES;
				CLANG_ANALYZER_NUMBER_OBJECT_CONVERSION = YES_AGGRESSIVE;
				CLANG_CXX_LANGUAGE_STANDARD = "gnu++14";
				CLANG_CXX_LIBRARY = "libc++";
				CLANG_ENABLE_MODULES = YES;
				CLANG_ENABLE_OBJC_ARC = YES;
				CLANG_ENABLE_OBJC_WEAK = YES;
				CLANG_WARN_BLOCK_CAPTURE_AUTORELEASING = YES;
				CLANG_WARN_BOOL_CONVERSION = YES;
				CLANG_WARN_COMMA = YES;
				CLANG_WARN_CONSTANT_CONVERSION = YES;
				CLANG_WARN_DEPRECATED_OBJC_IMPLEMENTATIONS = YES;
				CLANG_WARN_DIRECT_OBJC_ISA_USAGE = YES_ERROR;
				CLANG_WARN_DOCUMENTATION_COMMENTS = YES;
				CLANG_WARN_EMPTY_BODY = YES;
				CLANG_WARN_ENUM_CONVERSION = YES;
				CLANG_WARN_INFINITE_RECURSION = YES;
				CLANG_WARN_INT_CONVERSION = YES;
				CLANG_WARN_NON_LITERAL_NULL_CONVERSION = YES;
				CLANG_WARN_OBJC_IMPLICIT_RETAIN_SELF = YES;
				CLANG_WARN_OBJC_LITERAL_CONVERSION = YES;
				CLANG_WARN_OBJC_ROOT_CLASS = YES_ERROR;
				CLANG_WARN_RANGE_LOOP_ANALYSIS = YES;
				CLANG_WARN_STRICT_PROTOTYPES = YES;
				CLANG_WARN_SUSPICIOUS_MOVE = YES;
				CLANG_WARN_UNGUARDED_AVAILABILITY = YES_AGGRESSIVE;
				CLANG_WARN_UNREACHABLE_CODE = YES;
				CLANG_WARN__DUPLICATE_METHOD_MATCH = YES;
				CODE_SIGN_IDENTITY = "iPhone Developer";
				COPY_PHASE_STRIP = NO;
				DEBUG_INFORMATION_FORMAT = dwarf;
				ENABLE_STRICT_OBJC_MSGSEND = YES;
				ENABLE_TESTABILITY = YES;
				GCC_C_LANGUAGE_STANDARD = gnu11;
				GCC_DYNAMIC_NO_PIC = NO;
				GCC_NO_COMMON_BLOCKS = YES;
				GCC_OPTIMIZATION_LEVEL = 0;
				GCC_PREPROCESSOR_DEFINITIONS = (
					"DEBUG=1",
					"$(inherited)",
				);
				GCC_WARN_64_TO_32_BIT_CONVERSION = YES;
				GCC_WARN_ABOUT_RETURN_TYPE = YES_ERROR;
				GCC_WARN_UNDECLARED_SELECTOR = YES;
				GCC_WARN_UNINITIALIZED_AUTOS = YES_AGGRESSIVE;
				GCC_WARN_UNUSED_FUNCTION = YES;
				GCC_WARN_UNUSED_VARIABLE = YES;
				IPHONEOS_DEPLOYMENT_TARGET = 12.2;
				MTL_ENABLE_DEBUG_INFO = INCLUDE_SOURCE;
				MTL_FAST_MATH = YES;
				ONLY_ACTIVE_ARCH = YES;
				SDKROOT = iphoneos;
				SWIFT_ACTIVE_COMPILATION_CONDITIONS = DEBUG;
				SWIFT_OPTIMIZATION_LEVEL = "-Onone";
			};
			name = Debug;
		};
		639D07B722D6698700EB20AA /* Release */ = {
			isa = XCBuildConfiguration;
			buildSettings = {
				ALWAYS_SEARCH_USER_PATHS = NO;
				CLANG_ANALYZER_NONNULL = YES;
				CLANG_ANALYZER_NUMBER_OBJECT_CONVERSION = YES_AGGRESSIVE;
				CLANG_CXX_LANGUAGE_STANDARD = "gnu++14";
				CLANG_CXX_LIBRARY = "libc++";
				CLANG_ENABLE_MODULES = YES;
				CLANG_ENABLE_OBJC_ARC = YES;
				CLANG_ENABLE_OBJC_WEAK = YES;
				CLANG_WARN_BLOCK_CAPTURE_AUTORELEASING = YES;
				CLANG_WARN_BOOL_CONVERSION = YES;
				CLANG_WARN_COMMA = YES;
				CLANG_WARN_CONSTANT_CONVERSION = YES;
				CLANG_WARN_DEPRECATED_OBJC_IMPLEMENTATIONS = YES;
				CLANG_WARN_DIRECT_OBJC_ISA_USAGE = YES_ERROR;
				CLANG_WARN_DOCUMENTATION_COMMENTS = YES;
				CLANG_WARN_EMPTY_BODY = YES;
				CLANG_WARN_ENUM_CONVERSION = YES;
				CLANG_WARN_INFINITE_RECURSION = YES;
				CLANG_WARN_INT_CONVERSION = YES;
				CLANG_WARN_NON_LITERAL_NULL_CONVERSION = YES;
				CLANG_WARN_OBJC_IMPLICIT_RETAIN_SELF = YES;
				CLANG_WARN_OBJC_LITERAL_CONVERSION = YES;
				CLANG_WARN_OBJC_ROOT_CLASS = YES_ERROR;
				CLANG_WARN_RANGE_LOOP_ANALYSIS = YES;
				CLANG_WARN_STRICT_PROTOTYPES = YES;
				CLANG_WARN_SUSPICIOUS_MOVE = YES;
				CLANG_WARN_UNGUARDED_AVAILABILITY = YES_AGGRESSIVE;
				CLANG_WARN_UNREACHABLE_CODE = YES;
				CLANG_WARN__DUPLICATE_METHOD_MATCH = YES;
				CODE_SIGN_IDENTITY = "iPhone Developer";
				COPY_PHASE_STRIP = NO;
				DEBUG_INFORMATION_FORMAT = "dwarf-with-dsym";
				ENABLE_NS_ASSERTIONS = NO;
				ENABLE_STRICT_OBJC_MSGSEND = YES;
				GCC_C_LANGUAGE_STANDARD = gnu11;
				GCC_NO_COMMON_BLOCKS = YES;
				GCC_WARN_64_TO_32_BIT_CONVERSION = YES;
				GCC_WARN_ABOUT_RETURN_TYPE = YES_ERROR;
				GCC_WARN_UNDECLARED_SELECTOR = YES;
				GCC_WARN_UNINITIALIZED_AUTOS = YES_AGGRESSIVE;
				GCC_WARN_UNUSED_FUNCTION = YES;
				GCC_WARN_UNUSED_VARIABLE = YES;
				IPHONEOS_DEPLOYMENT_TARGET = 12.2;
				MTL_ENABLE_DEBUG_INFO = NO;
				MTL_FAST_MATH = YES;
				SDKROOT = iphoneos;
				SWIFT_COMPILATION_MODE = wholemodule;
				SWIFT_OPTIMIZATION_LEVEL = "-O";
				VALIDATE_PRODUCT = YES;
			};
			name = Release;
		};
		639D07B922D6698700EB20AA /* Debug */ = {
			isa = XCBuildConfiguration;
			buildSettings = {
				ASSETCATALOG_COMPILER_APPICON_NAME = AppIcon;
				CODE_SIGN_STYLE = Automatic;
				DEVELOPMENT_TEAM = 4K3FPT7RAJ;
				INFOPLIST_FILE = MarvelHeroes/Info.plist;
				LD_RUNPATH_SEARCH_PATHS = (
					"$(inherited)",
					"@executable_path/Frameworks",
				);
				PRODUCT_BUNDLE_IDENTIFIER = rafaelalmeida.MarvelHeroes;
				PRODUCT_NAME = "$(TARGET_NAME)";
				SWIFT_VERSION = 5.0;
				TARGETED_DEVICE_FAMILY = "1,2";
			};
			name = Debug;
		};
		639D07BA22D6698700EB20AA /* Release */ = {
			isa = XCBuildConfiguration;
			buildSettings = {
				ASSETCATALOG_COMPILER_APPICON_NAME = AppIcon;
				CODE_SIGN_STYLE = Automatic;
				DEVELOPMENT_TEAM = 4K3FPT7RAJ;
				INFOPLIST_FILE = MarvelHeroes/Info.plist;
				LD_RUNPATH_SEARCH_PATHS = (
					"$(inherited)",
					"@executable_path/Frameworks",
				);
				PRODUCT_BUNDLE_IDENTIFIER = rafaelalmeida.MarvelHeroes;
				PRODUCT_NAME = "$(TARGET_NAME)";
				SWIFT_VERSION = 5.0;
				TARGETED_DEVICE_FAMILY = "1,2";
			};
			name = Release;
		};
/* End XCBuildConfiguration section */

/* Begin XCConfigurationList section */
		639D07A122D6698600EB20AA /* Build configuration list for PBXProject "MarvelHeroes" */ = {
			isa = XCConfigurationList;
			buildConfigurations = (
				639D07B622D6698700EB20AA /* Debug */,
				639D07B722D6698700EB20AA /* Release */,
			);
			defaultConfigurationIsVisible = 0;
			defaultConfigurationName = Release;
		};
		639D07B822D6698700EB20AA /* Build configuration list for PBXNativeTarget "MarvelHeroes" */ = {
			isa = XCConfigurationList;
			buildConfigurations = (
				639D07B922D6698700EB20AA /* Debug */,
				639D07BA22D6698700EB20AA /* Release */,
			);
			defaultConfigurationIsVisible = 0;
			defaultConfigurationName = Release;
		};
/* End XCConfigurationList section */
	};
	rootObject = 639D079E22D6698600EB20AA /* Project object */;
}
